// !$*UTF8*$!
{
	archiveVersion = 1;
	classes = {
	};
	objectVersion = 56;
	objects = {

/* Begin PBXBuildFile section */
		315225602BBC497EFF44E2B8 /* Pods_TableViewGuide_RESTAPI.framework in Frameworks */ = {isa = PBXBuildFile; fileRef = 881139D25887475F20EA3678 /* Pods_TableViewGuide_RESTAPI.framework */; };
		827CA87A29E2A61D00026FFF /* FetchArticlesData.swift in Sources */ = {isa = PBXBuildFile; fileRef = 827CA87929E2A61D00026FFF /* FetchArticlesData.swift */; };
		827CA8BA29E3FA4A00026FFF /* Extension UIImageView.swift in Sources */ = {isa = PBXBuildFile; fileRef = 827CA8B929E3FA4A00026FFF /* Extension UIImageView.swift */; };
		82DCBCD829DAEA3D004A70D3 /* Data Model.xcdatamodeld in Sources */ = {isa = PBXBuildFile; fileRef = 82DCBCD629DAEA3D004A70D3 /* Data Model.xcdatamodeld */; };
		82DCBCE429DC1A37004A70D3 /* TopStories+CoreDataClass.swift in Sources */ = {isa = PBXBuildFile; fileRef = 82DCBCE229DC1A37004A70D3 /* TopStories+CoreDataClass.swift */; };
		82DCBCE529DC1A37004A70D3 /* TopStories+CoreDataProperties.swift in Sources */ = {isa = PBXBuildFile; fileRef = 82DCBCE329DC1A37004A70D3 /* TopStories+CoreDataProperties.swift */; };
		82DCBD6629E17BEB004A70D3 /* BookmarkViewController.swift in Sources */ = {isa = PBXBuildFile; fileRef = 82DCBD6529E17BEB004A70D3 /* BookmarkViewController.swift */; };
		82DCBD6C29E19EAA004A70D3 /* BookmartCell.swift in Sources */ = {isa = PBXBuildFile; fileRef = 82DCBD6B29E19EAA004A70D3 /* BookmartCell.swift */; };
		82DCBD6F29E1B4D2004A70D3 /* BookmartStories+CoreDataClass.swift in Sources */ = {isa = PBXBuildFile; fileRef = 82DCBD6D29E1B4D2004A70D3 /* BookmartStories+CoreDataClass.swift */; };
		82DCBD7029E1B4D2004A70D3 /* BookmartStories+CoreDataProperties.swift in Sources */ = {isa = PBXBuildFile; fileRef = 82DCBD6E29E1B4D2004A70D3 /* BookmartStories+CoreDataProperties.swift */; };
		93509449295A6E3A0055725F /* AppDelegate.swift in Sources */ = {isa = PBXBuildFile; fileRef = 93509448295A6E3A0055725F /* AppDelegate.swift */; };
		9350944B295A6E3A0055725F /* SceneDelegate.swift in Sources */ = {isa = PBXBuildFile; fileRef = 9350944A295A6E3A0055725F /* SceneDelegate.swift */; };
		9350944D295A6E3A0055725F /* ViewController.swift in Sources */ = {isa = PBXBuildFile; fileRef = 9350944C295A6E3A0055725F /* ViewController.swift */; };
		93509450295A6E3A0055725F /* Main.storyboard in Resources */ = {isa = PBXBuildFile; fileRef = 9350944E295A6E3A0055725F /* Main.storyboard */; };
		93509452295A6E3B0055725F /* Assets.xcassets in Resources */ = {isa = PBXBuildFile; fileRef = 93509451295A6E3B0055725F /* Assets.xcassets */; };
		93509455295A6E3B0055725F /* LaunchScreen.storyboard in Resources */ = {isa = PBXBuildFile; fileRef = 93509453295A6E3B0055725F /* LaunchScreen.storyboard */; };
		9350945F295A6E9C0055725F /* StoryCell.swift in Sources */ = {isa = PBXBuildFile; fileRef = 9350945E295A6E9C0055725F /* StoryCell.swift */; };
		F03D215E29CF294400FFBECE /* DetailsViewController.swift in Sources */ = {isa = PBXBuildFile; fileRef = F03D215D29CF294400FFBECE /* DetailsViewController.swift */; };
		F0ADB4A929D3EB3900D56F8B /* SearchArticlesCell.swift in Sources */ = {isa = PBXBuildFile; fileRef = F0ADB4A829D3EB3900D56F8B /* SearchArticlesCell.swift */; };
		F0ADB4AB29D3EB5200D56F8B /* SearchViewController.swift in Sources */ = {isa = PBXBuildFile; fileRef = F0ADB4AA29D3EB5200D56F8B /* SearchViewController.swift */; };
		F0ADB4D629D53C8400D56F8B /* LoadingCell.swift in Sources */ = {isa = PBXBuildFile; fileRef = F0ADB4D529D53C8400D56F8B /* LoadingCell.swift */; };
		F0ADB4D829D6EFE200D56F8B /* Story.swift in Sources */ = {isa = PBXBuildFile; fileRef = F0ADB4D729D6EFE200D56F8B /* Story.swift */; };
/* End PBXBuildFile section */

/* Begin PBXFileReference section */
		827CA87929E2A61D00026FFF /* FetchArticlesData.swift */ = {isa = PBXFileReference; lastKnownFileType = sourcecode.swift; path = FetchArticlesData.swift; sourceTree = "<group>"; };
		827CA8B929E3FA4A00026FFF /* Extension UIImageView.swift */ = {isa = PBXFileReference; lastKnownFileType = sourcecode.swift; path = "Extension UIImageView.swift"; sourceTree = "<group>"; };
		82DCBCD729DAEA3D004A70D3 /* Data Model.xcdatamodel */ = {isa = PBXFileReference; lastKnownFileType = wrapper.xcdatamodel; path = "Data Model.xcdatamodel"; sourceTree = "<group>"; };
		82DCBCE229DC1A37004A70D3 /* TopStories+CoreDataClass.swift */ = {isa = PBXFileReference; lastKnownFileType = sourcecode.swift; path = "TopStories+CoreDataClass.swift"; sourceTree = "<group>"; };
		82DCBCE329DC1A37004A70D3 /* TopStories+CoreDataProperties.swift */ = {isa = PBXFileReference; lastKnownFileType = sourcecode.swift; path = "TopStories+CoreDataProperties.swift"; sourceTree = "<group>"; };
		82DCBD6529E17BEB004A70D3 /* BookmarkViewController.swift */ = {isa = PBXFileReference; lastKnownFileType = sourcecode.swift; path = BookmarkViewController.swift; sourceTree = "<group>"; };
		82DCBD6B29E19EAA004A70D3 /* BookmartCell.swift */ = {isa = PBXFileReference; lastKnownFileType = sourcecode.swift; path = BookmartCell.swift; sourceTree = "<group>"; };
		82DCBD6D29E1B4D2004A70D3 /* BookmartStories+CoreDataClass.swift */ = {isa = PBXFileReference; lastKnownFileType = sourcecode.swift; path = "BookmartStories+CoreDataClass.swift"; sourceTree = SOURCE_ROOT; };
		82DCBD6E29E1B4D2004A70D3 /* BookmartStories+CoreDataProperties.swift */ = {isa = PBXFileReference; lastKnownFileType = sourcecode.swift; path = "BookmartStories+CoreDataProperties.swift"; sourceTree = SOURCE_ROOT; };
		881139D25887475F20EA3678 /* Pods_TableViewGuide_RESTAPI.framework */ = {isa = PBXFileReference; explicitFileType = wrapper.framework; includeInIndex = 0; path = Pods_TableViewGuide_RESTAPI.framework; sourceTree = BUILT_PRODUCTS_DIR; };
		93509445295A6E3A0055725F /* TableViewGuide_RESTAPI.app */ = {isa = PBXFileReference; explicitFileType = wrapper.application; includeInIndex = 0; path = TableViewGuide_RESTAPI.app; sourceTree = BUILT_PRODUCTS_DIR; };
		93509448295A6E3A0055725F /* AppDelegate.swift */ = {isa = PBXFileReference; lastKnownFileType = sourcecode.swift; path = AppDelegate.swift; sourceTree = "<group>"; };
		9350944A295A6E3A0055725F /* SceneDelegate.swift */ = {isa = PBXFileReference; lastKnownFileType = sourcecode.swift; path = SceneDelegate.swift; sourceTree = "<group>"; };
		9350944C295A6E3A0055725F /* ViewController.swift */ = {isa = PBXFileReference; lastKnownFileType = sourcecode.swift; path = ViewController.swift; sourceTree = "<group>"; };
		9350944F295A6E3A0055725F /* Base */ = {isa = PBXFileReference; lastKnownFileType = file.storyboard; name = Base; path = Base.lproj/Main.storyboard; sourceTree = "<group>"; };
		93509451295A6E3B0055725F /* Assets.xcassets */ = {isa = PBXFileReference; lastKnownFileType = folder.assetcatalog; path = Assets.xcassets; sourceTree = "<group>"; };
		93509454295A6E3B0055725F /* Base */ = {isa = PBXFileReference; lastKnownFileType = file.storyboard; name = Base; path = Base.lproj/LaunchScreen.storyboard; sourceTree = "<group>"; };
		93509456295A6E3B0055725F /* Info.plist */ = {isa = PBXFileReference; lastKnownFileType = text.plist.xml; path = Info.plist; sourceTree = "<group>"; };
		9350945E295A6E9C0055725F /* StoryCell.swift */ = {isa = PBXFileReference; lastKnownFileType = sourcecode.swift; path = StoryCell.swift; sourceTree = "<group>"; };
		ADB3C07E0F4B0794A80E7CF1 /* Pods-TableViewGuide_RESTAPI.release.xcconfig */ = {isa = PBXFileReference; includeInIndex = 1; lastKnownFileType = text.xcconfig; name = "Pods-TableViewGuide_RESTAPI.release.xcconfig"; path = "Target Support Files/Pods-TableViewGuide_RESTAPI/Pods-TableViewGuide_RESTAPI.release.xcconfig"; sourceTree = "<group>"; };
		D921343747D0FDA9B000BEF0 /* Pods-TableViewGuide_RESTAPI.debug.xcconfig */ = {isa = PBXFileReference; includeInIndex = 1; lastKnownFileType = text.xcconfig; name = "Pods-TableViewGuide_RESTAPI.debug.xcconfig"; path = "Target Support Files/Pods-TableViewGuide_RESTAPI/Pods-TableViewGuide_RESTAPI.debug.xcconfig"; sourceTree = "<group>"; };
		F03D215D29CF294400FFBECE /* DetailsViewController.swift */ = {isa = PBXFileReference; lastKnownFileType = sourcecode.swift; path = DetailsViewController.swift; sourceTree = "<group>"; };
		F0ADB4A829D3EB3900D56F8B /* SearchArticlesCell.swift */ = {isa = PBXFileReference; lastKnownFileType = sourcecode.swift; path = SearchArticlesCell.swift; sourceTree = "<group>"; };
		F0ADB4AA29D3EB5200D56F8B /* SearchViewController.swift */ = {isa = PBXFileReference; lastKnownFileType = sourcecode.swift; path = SearchViewController.swift; sourceTree = "<group>"; };
		F0ADB4D529D53C8400D56F8B /* LoadingCell.swift */ = {isa = PBXFileReference; lastKnownFileType = sourcecode.swift; path = LoadingCell.swift; sourceTree = "<group>"; };
		F0ADB4D729D6EFE200D56F8B /* Story.swift */ = {isa = PBXFileReference; lastKnownFileType = sourcecode.swift; path = Story.swift; sourceTree = "<group>"; };
/* End PBXFileReference section */

/* Begin PBXFrameworksBuildPhase section */
		93509442295A6E3A0055725F /* Frameworks */ = {
			isa = PBXFrameworksBuildPhase;
			buildActionMask = 2147483647;
			files = (
				315225602BBC497EFF44E2B8 /* Pods_TableViewGuide_RESTAPI.framework in Frameworks */,
			);
			runOnlyForDeploymentPostprocessing = 0;
		};
/* End PBXFrameworksBuildPhase section */

/* Begin PBXGroup section */
		3F85AA8E6345BBC7AB8CDAAB /* Frameworks */ = {
			isa = PBXGroup;
			children = (
				881139D25887475F20EA3678 /* Pods_TableViewGuide_RESTAPI.framework */,
			);
			name = Frameworks;
			sourceTree = "<group>";
		};
		82DCBCD929DAEB82004A70D3 /* CoreData */ = {
			isa = PBXGroup;
			children = (
				82DCBD6D29E1B4D2004A70D3 /* BookmartStories+CoreDataClass.swift */,
				82DCBD6E29E1B4D2004A70D3 /* BookmartStories+CoreDataProperties.swift */,
				82DCBCE329DC1A37004A70D3 /* TopStories+CoreDataProperties.swift */,
				82DCBCE229DC1A37004A70D3 /* TopStories+CoreDataClass.swift */,
				82DCBCD629DAEA3D004A70D3 /* Data Model.xcdatamodeld */,
			);
			path = CoreData;
			sourceTree = "<group>";
		};
		82DCBD6429E17BB7004A70D3 /* Bookmark */ = {
			isa = PBXGroup;
			children = (
				82DCBD6529E17BEB004A70D3 /* BookmarkViewController.swift */,
				82DCBD6B29E19EAA004A70D3 /* BookmartCell.swift */,
			);
			path = Bookmark;
			sourceTree = "<group>";
		};
		9350943C295A6E3A0055725F = {
			isa = PBXGroup;
			children = (
				93509447295A6E3A0055725F /* TableViewGuide_RESTAPI */,
				93509446295A6E3A0055725F /* Products */,
				E33D6FB937F8595795A2626D /* Pods */,
				3F85AA8E6345BBC7AB8CDAAB /* Frameworks */,
			);
			sourceTree = "<group>";
		};
		93509446295A6E3A0055725F /* Products */ = {
			isa = PBXGroup;
			children = (
				93509445295A6E3A0055725F /* TableViewGuide_RESTAPI.app */,
			);
			name = Products;
			sourceTree = "<group>";
		};
		93509447295A6E3A0055725F /* TableViewGuide_RESTAPI */ = {
			isa = PBXGroup;
			children = (
				93509448295A6E3A0055725F /* AppDelegate.swift */,
				9350944A295A6E3A0055725F /* SceneDelegate.swift */,
				9350944C295A6E3A0055725F /* ViewController.swift */,
				9350945E295A6E9C0055725F /* StoryCell.swift */,
				F0ADB4D729D6EFE200D56F8B /* Story.swift */,
				F03D215D29CF294400FFBECE /* DetailsViewController.swift */,
				F0ADB4A729D3EB0200D56F8B /* Search Articles */,
				82DCBD6429E17BB7004A70D3 /* Bookmark */,
				9350944E295A6E3A0055725F /* Main.storyboard */,
				827CA8B929E3FA4A00026FFF /* Extension UIImageView.swift */,
				827CA87929E2A61D00026FFF /* FetchArticlesData.swift */,
				93509451295A6E3B0055725F /* Assets.xcassets */,
				93509453295A6E3B0055725F /* LaunchScreen.storyboard */,
				93509456295A6E3B0055725F /* Info.plist */,
				82DCBCD929DAEB82004A70D3 /* CoreData */,
			);
			path = TableViewGuide_RESTAPI;
			sourceTree = "<group>";
		};
		E33D6FB937F8595795A2626D /* Pods */ = {
			isa = PBXGroup;
			children = (
				D921343747D0FDA9B000BEF0 /* Pods-TableViewGuide_RESTAPI.debug.xcconfig */,
				ADB3C07E0F4B0794A80E7CF1 /* Pods-TableViewGuide_RESTAPI.release.xcconfig */,
			);
			path = Pods;
			sourceTree = "<group>";
		};
		F0ADB4A729D3EB0200D56F8B /* Search Articles */ = {
			isa = PBXGroup;
			children = (
				F0ADB4AA29D3EB5200D56F8B /* SearchViewController.swift */,
				F0ADB4A829D3EB3900D56F8B /* SearchArticlesCell.swift */,
				F0ADB4D529D53C8400D56F8B /* LoadingCell.swift */,
			);
			path = "Search Articles";
			sourceTree = "<group>";
		};
/* End PBXGroup section */

/* Begin PBXNativeTarget section */
		93509444295A6E3A0055725F /* TableViewGuide_RESTAPI */ = {
			isa = PBXNativeTarget;
			buildConfigurationList = 93509459295A6E3B0055725F /* Build configuration list for PBXNativeTarget "TableViewGuide_RESTAPI" */;
			buildPhases = (
				66F68FFDCE9E8F63B755D3CE /* [CP] Check Pods Manifest.lock */,
				93509441295A6E3A0055725F /* Sources */,
				93509442295A6E3A0055725F /* Frameworks */,
				93509443295A6E3A0055725F /* Resources */,
				CF86DA539A99D05FB85B632C /* [CP] Embed Pods Frameworks */,
			);
			buildRules = (
			);
			dependencies = (
			);
			name = TableViewGuide_RESTAPI;
			productName = TableViewGuide_RESTAPI;
			productReference = 93509445295A6E3A0055725F /* TableViewGuide_RESTAPI.app */;
			productType = "com.apple.product-type.application";
		};
/* End PBXNativeTarget section */

/* Begin PBXProject section */
		9350943D295A6E3A0055725F /* Project object */ = {
			isa = PBXProject;
			attributes = {
				BuildIndependentTargetsInParallel = 1;
				LastSwiftUpdateCheck = 1410;
				LastUpgradeCheck = 1410;
				TargetAttributes = {
					93509444295A6E3A0055725F = {
						CreatedOnToolsVersion = 14.1;
					};
				};
			};
			buildConfigurationList = 93509440295A6E3A0055725F /* Build configuration list for PBXProject "TableViewGuide_RESTAPI" */;
			compatibilityVersion = "Xcode 14.0";
			developmentRegion = en;
			hasScannedForEncodings = 0;
			knownRegions = (
				en,
				Base,
			);
			mainGroup = 9350943C295A6E3A0055725F;
			productRefGroup = 93509446295A6E3A0055725F /* Products */;
			projectDirPath = "";
			projectRoot = "";
			targets = (
				93509444295A6E3A0055725F /* TableViewGuide_RESTAPI */,
			);
		};
/* End PBXProject section */

/* Begin PBXResourcesBuildPhase section */
		93509443295A6E3A0055725F /* Resources */ = {
			isa = PBXResourcesBuildPhase;
			buildActionMask = 2147483647;
			files = (
				93509455295A6E3B0055725F /* LaunchScreen.storyboard in Resources */,
				93509452295A6E3B0055725F /* Assets.xcassets in Resources */,
				93509450295A6E3A0055725F /* Main.storyboard in Resources */,
			);
			runOnlyForDeploymentPostprocessing = 0;
		};
/* End PBXResourcesBuildPhase section */

/* Begin PBXShellScriptBuildPhase section */
		66F68FFDCE9E8F63B755D3CE /* [CP] Check Pods Manifest.lock */ = {
			isa = PBXShellScriptBuildPhase;
			buildActionMask = 2147483647;
			files = (
			);
			inputFileListPaths = (
			);
			inputPaths = (
				"${PODS_PODFILE_DIR_PATH}/Podfile.lock",
				"${PODS_ROOT}/Manifest.lock",
			);
			name = "[CP] Check Pods Manifest.lock";
			outputFileListPaths = (
			);
			outputPaths = (
				"$(DERIVED_FILE_DIR)/Pods-TableViewGuide_RESTAPI-checkManifestLockResult.txt",
			);
			runOnlyForDeploymentPostprocessing = 0;
			shellPath = /bin/sh;
			shellScript = "diff \"${PODS_PODFILE_DIR_PATH}/Podfile.lock\" \"${PODS_ROOT}/Manifest.lock\" > /dev/null\nif [ $? != 0 ] ; then\n    # print error to STDERR\n    echo \"error: The sandbox is not in sync with the Podfile.lock. Run 'pod install' or update your CocoaPods installation.\" >&2\n    exit 1\nfi\n# This output is used by Xcode 'outputs' to avoid re-running this script phase.\necho \"SUCCESS\" > \"${SCRIPT_OUTPUT_FILE_0}\"\n";
			showEnvVarsInLog = 0;
		};
		CF86DA539A99D05FB85B632C /* [CP] Embed Pods Frameworks */ = {
			isa = PBXShellScriptBuildPhase;
			buildActionMask = 2147483647;
			files = (
			);
			inputFileListPaths = (
				"${PODS_ROOT}/Target Support Files/Pods-TableViewGuide_RESTAPI/Pods-TableViewGuide_RESTAPI-frameworks-${CONFIGURATION}-input-files.xcfilelist",
			);
			name = "[CP] Embed Pods Frameworks";
			outputFileListPaths = (
				"${PODS_ROOT}/Target Support Files/Pods-TableViewGuide_RESTAPI/Pods-TableViewGuide_RESTAPI-frameworks-${CONFIGURATION}-output-files.xcfilelist",
			);
			runOnlyForDeploymentPostprocessing = 0;
			shellPath = /bin/sh;
			shellScript = "\"${PODS_ROOT}/Target Support Files/Pods-TableViewGuide_RESTAPI/Pods-TableViewGuide_RESTAPI-frameworks.sh\"\n";
			showEnvVarsInLog = 0;
		};
/* End PBXShellScriptBuildPhase section */

/* Begin PBXSourcesBuildPhase section */
		93509441295A6E3A0055725F /* Sources */ = {
			isa = PBXSourcesBuildPhase;
			buildActionMask = 2147483647;
			files = (
				82DCBCD829DAEA3D004A70D3 /* Data Model.xcdatamodeld in Sources */,
				9350944D295A6E3A0055725F /* ViewController.swift in Sources */,
				93509449295A6E3A0055725F /* AppDelegate.swift in Sources */,
				F0ADB4AB29D3EB5200D56F8B /* SearchViewController.swift in Sources */,
				9350944B295A6E3A0055725F /* SceneDelegate.swift in Sources */,
				82DCBCE529DC1A37004A70D3 /* TopStories+CoreDataProperties.swift in Sources */,
				82DCBD7029E1B4D2004A70D3 /* BookmartStories+CoreDataProperties.swift in Sources */,
				F0ADB4D629D53C8400D56F8B /* LoadingCell.swift in Sources */,
				F0ADB4A929D3EB3900D56F8B /* SearchArticlesCell.swift in Sources */,
				827CA87A29E2A61D00026FFF /* FetchArticlesData.swift in Sources */,
				9350945F295A6E9C0055725F /* StoryCell.swift in Sources */,
				82DCBD6629E17BEB004A70D3 /* BookmarkViewController.swift in Sources */,
				82DCBCE429DC1A37004A70D3 /* TopStories+CoreDataClass.swift in Sources */,
				F03D215E29CF294400FFBECE /* DetailsViewController.swift in Sources */,
				82DCBD6C29E19EAA004A70D3 /* BookmartCell.swift in Sources */,
				F0ADB4D829D6EFE200D56F8B /* Story.swift in Sources */,
				82DCBD6F29E1B4D2004A70D3 /* BookmartStories+CoreDataClass.swift in Sources */,
				827CA8BA29E3FA4A00026FFF /* Extension UIImageView.swift in Sources */,
			);
			runOnlyForDeploymentPostprocessing = 0;
		};
/* End PBXSourcesBuildPhase section */

/* Begin PBXVariantGroup section */
		9350944E295A6E3A0055725F /* Main.storyboard */ = {
			isa = PBXVariantGroup;
			children = (
				9350944F295A6E3A0055725F /* Base */,
			);
			name = Main.storyboard;
			sourceTree = "<group>";
		};
		93509453295A6E3B0055725F /* LaunchScreen.storyboard */ = {
			isa = PBXVariantGroup;
			children = (
				93509454295A6E3B0055725F /* Base */,
			);
			name = LaunchScreen.storyboard;
			sourceTree = "<group>";
		};
/* End PBXVariantGroup section */

/* Begin XCBuildConfiguration section */
		93509457295A6E3B0055725F /* Debug */ = {
			isa = XCBuildConfiguration;
			buildSettings = {
				ALWAYS_SEARCH_USER_PATHS = NO;
				CLANG_ANALYZER_NONNULL = YES;
				CLANG_ANALYZER_NUMBER_OBJECT_CONVERSION = YES_AGGRESSIVE;
				CLANG_CXX_LANGUAGE_STANDARD = "gnu++20";
				CLANG_ENABLE_MODULES = YES;
				CLANG_ENABLE_OBJC_ARC = YES;
				CLANG_ENABLE_OBJC_WEAK = YES;
				CLANG_WARN_BLOCK_CAPTURE_AUTORELEASING = YES;
				CLANG_WARN_BOOL_CONVERSION = YES;
				CLANG_WARN_COMMA = YES;
				CLANG_WARN_CONSTANT_CONVERSION = YES;
				CLANG_WARN_DEPRECATED_OBJC_IMPLEMENTATIONS = YES;
				CLANG_WARN_DIRECT_OBJC_ISA_USAGE = YES_ERROR;
				CLANG_WARN_DOCUMENTATION_COMMENTS = YES;
				CLANG_WARN_EMPTY_BODY = YES;
				CLANG_WARN_ENUM_CONVERSION = YES;
				CLANG_WARN_INFINITE_RECURSION = YES;
				CLANG_WARN_INT_CONVERSION = YES;
				CLANG_WARN_NON_LITERAL_NULL_CONVERSION = YES;
				CLANG_WARN_OBJC_IMPLICIT_RETAIN_SELF = YES;
				CLANG_WARN_OBJC_LITERAL_CONVERSION = YES;
				CLANG_WARN_OBJC_ROOT_CLASS = YES_ERROR;
				CLANG_WARN_QUOTED_INCLUDE_IN_FRAMEWORK_HEADER = YES;
				CLANG_WARN_RANGE_LOOP_ANALYSIS = YES;
				CLANG_WARN_STRICT_PROTOTYPES = YES;
				CLANG_WARN_SUSPICIOUS_MOVE = YES;
				CLANG_WARN_UNGUARDED_AVAILABILITY = YES_AGGRESSIVE;
				CLANG_WARN_UNREACHABLE_CODE = YES;
				CLANG_WARN__DUPLICATE_METHOD_MATCH = YES;
				COPY_PHASE_STRIP = NO;
				DEBUG_INFORMATION_FORMAT = dwarf;
				ENABLE_STRICT_OBJC_MSGSEND = YES;
				ENABLE_TESTABILITY = YES;
				GCC_C_LANGUAGE_STANDARD = gnu11;
				GCC_DYNAMIC_NO_PIC = NO;
				GCC_NO_COMMON_BLOCKS = YES;
				GCC_OPTIMIZATION_LEVEL = 0;
				GCC_PREPROCESSOR_DEFINITIONS = (
					"DEBUG=1",
					"$(inherited)",
				);
				GCC_WARN_64_TO_32_BIT_CONVERSION = YES;
				GCC_WARN_ABOUT_RETURN_TYPE = YES_ERROR;
				GCC_WARN_UNDECLARED_SELECTOR = YES;
				GCC_WARN_UNINITIALIZED_AUTOS = YES_AGGRESSIVE;
				GCC_WARN_UNUSED_FUNCTION = YES;
				GCC_WARN_UNUSED_VARIABLE = YES;
				IPHONEOS_DEPLOYMENT_TARGET = 16.1;
				MTL_ENABLE_DEBUG_INFO = INCLUDE_SOURCE;
				MTL_FAST_MATH = YES;
				ONLY_ACTIVE_ARCH = YES;
				SDKROOT = iphoneos;
				SWIFT_ACTIVE_COMPILATION_CONDITIONS = DEBUG;
				SWIFT_OPTIMIZATION_LEVEL = "-Onone";
			};
			name = Debug;
		};
		93509458295A6E3B0055725F /* Release */ = {
			isa = XCBuildConfiguration;
			buildSettings = {
				ALWAYS_SEARCH_USER_PATHS = NO;
				CLANG_ANALYZER_NONNULL = YES;
				CLANG_ANALYZER_NUMBER_OBJECT_CONVERSION = YES_AGGRESSIVE;
				CLANG_CXX_LANGUAGE_STANDARD = "gnu++20";
				CLANG_ENABLE_MODULES = YES;
				CLANG_ENABLE_OBJC_ARC = YES;
				CLANG_ENABLE_OBJC_WEAK = YES;
				CLANG_WARN_BLOCK_CAPTURE_AUTORELEASING = YES;
				CLANG_WARN_BOOL_CONVERSION = YES;
				CLANG_WARN_COMMA = YES;
				CLANG_WARN_CONSTANT_CONVERSION = YES;
				CLANG_WARN_DEPRECATED_OBJC_IMPLEMENTATIONS = YES;
				CLANG_WARN_DIRECT_OBJC_ISA_USAGE = YES_ERROR;
				CLANG_WARN_DOCUMENTATION_COMMENTS = YES;
				CLANG_WARN_EMPTY_BODY = YES;
				CLANG_WARN_ENUM_CONVERSION = YES;
				CLANG_WARN_INFINITE_RECURSION = YES;
				CLANG_WARN_INT_CONVERSION = YES;
				CLANG_WARN_NON_LITERAL_NULL_CONVERSION = YES;
				CLANG_WARN_OBJC_IMPLICIT_RETAIN_SELF = YES;
				CLANG_WARN_OBJC_LITERAL_CONVERSION = YES;
				CLANG_WARN_OBJC_ROOT_CLASS = YES_ERROR;
				CLANG_WARN_QUOTED_INCLUDE_IN_FRAMEWORK_HEADER = YES;
				CLANG_WARN_RANGE_LOOP_ANALYSIS = YES;
				CLANG_WARN_STRICT_PROTOTYPES = YES;
				CLANG_WARN_SUSPICIOUS_MOVE = YES;
				CLANG_WARN_UNGUARDED_AVAILABILITY = YES_AGGRESSIVE;
				CLANG_WARN_UNREACHABLE_CODE = YES;
				CLANG_WARN__DUPLICATE_METHOD_MATCH = YES;
				COPY_PHASE_STRIP = NO;
				DEBUG_INFORMATION_FORMAT = "dwarf-with-dsym";
				ENABLE_NS_ASSERTIONS = NO;
				ENABLE_STRICT_OBJC_MSGSEND = YES;
				GCC_C_LANGUAGE_STANDARD = gnu11;
				GCC_NO_COMMON_BLOCKS = YES;
				GCC_WARN_64_TO_32_BIT_CONVERSION = YES;
				GCC_WARN_ABOUT_RETURN_TYPE = YES_ERROR;
				GCC_WARN_UNDECLARED_SELECTOR = YES;
				GCC_WARN_UNINITIALIZED_AUTOS = YES_AGGRESSIVE;
				GCC_WARN_UNUSED_FUNCTION = YES;
				GCC_WARN_UNUSED_VARIABLE = YES;
				IPHONEOS_DEPLOYMENT_TARGET = 16.1;
				MTL_ENABLE_DEBUG_INFO = NO;
				MTL_FAST_MATH = YES;
				SDKROOT = iphoneos;
				SWIFT_COMPILATION_MODE = wholemodule;
				SWIFT_OPTIMIZATION_LEVEL = "-O";
				VALIDATE_PRODUCT = YES;
			};
			name = Release;
		};
		9350945A295A6E3B0055725F /* Debug */ = {
			isa = XCBuildConfiguration;
			baseConfigurationReference = D921343747D0FDA9B000BEF0 /* Pods-TableViewGuide_RESTAPI.debug.xcconfig */;
			buildSettings = {
				ASSETCATALOG_COMPILER_APPICON_NAME = AppIcon;
				ASSETCATALOG_COMPILER_GLOBAL_ACCENT_COLOR_NAME = AccentColor;
				CODE_SIGN_STYLE = Automatic;
				CURRENT_PROJECT_VERSION = 1;
				GENERATE_INFOPLIST_FILE = YES;
				INFOPLIST_FILE = TableViewGuide_RESTAPI/Info.plist;
				INFOPLIST_KEY_UIApplicationSupportsIndirectInputEvents = YES;
				INFOPLIST_KEY_UILaunchStoryboardName = LaunchScreen;
				INFOPLIST_KEY_UIMainStoryboardFile = Main;
				INFOPLIST_KEY_UISupportedInterfaceOrientations_iPad = "UIInterfaceOrientationPortrait UIInterfaceOrientationPortraitUpsideDown UIInterfaceOrientationLandscapeLeft UIInterfaceOrientationLandscapeRight";
				INFOPLIST_KEY_UISupportedInterfaceOrientations_iPhone = "UIInterfaceOrientationPortrait UIInterfaceOrientationLandscapeLeft UIInterfaceOrientationLandscapeRight";
				IPHONEOS_DEPLOYMENT_TARGET = 15.0;
				LD_RUNPATH_SEARCH_PATHS = (
					"$(inherited)",
					"@executable_path/Frameworks",
				);
				MARKETING_VERSION = 1.0;
				PRODUCT_BUNDLE_IDENTIFIER = "ios.training.TableViewGuide-RESTAPI";
				PRODUCT_NAME = "$(TARGET_NAME)";
				SWIFT_EMIT_LOC_STRINGS = YES;
				SWIFT_VERSION = 5.0;
				TARGETED_DEVICE_FAMILY = "1,2";
			};
			name = Debug;
		};
		9350945B295A6E3B0055725F /* Release */ = {
			isa = XCBuildConfiguration;
			baseConfigurationReference = ADB3C07E0F4B0794A80E7CF1 /* Pods-TableViewGuide_RESTAPI.release.xcconfig */;
			buildSettings = {
				ASSETCATALOG_COMPILER_APPICON_NAME = AppIcon;
				ASSETCATALOG_COMPILER_GLOBAL_ACCENT_COLOR_NAME = AccentColor;
				CODE_SIGN_STYLE = Automatic;
				CURRENT_PROJECT_VERSION = 1;
				GENERATE_INFOPLIST_FILE = YES;
				INFOPLIST_FILE = TableViewGuide_RESTAPI/Info.plist;
				INFOPLIST_KEY_UIApplicationSupportsIndirectInputEvents = YES;
				INFOPLIST_KEY_UILaunchStoryboardName = LaunchScreen;
				INFOPLIST_KEY_UIMainStoryboardFile = Main;
				INFOPLIST_KEY_UISupportedInterfaceOrientations_iPad = "UIInterfaceOrientationPortrait UIInterfaceOrientationPortraitUpsideDown UIInterfaceOrientationLandscapeLeft UIInterfaceOrientationLandscapeRight";
				INFOPLIST_KEY_UISupportedInterfaceOrientations_iPhone = "UIInterfaceOrientationPortrait UIInterfaceOrientationLandscapeLeft UIInterfaceOrientationLandscapeRight";
				IPHONEOS_DEPLOYMENT_TARGET = 15.0;
				LD_RUNPATH_SEARCH_PATHS = (
					"$(inherited)",
					"@executable_path/Frameworks",
				);
				MARKETING_VERSION = 1.0;
				PRODUCT_BUNDLE_IDENTIFIER = "ios.training.TableViewGuide-RESTAPI";
				PRODUCT_NAME = "$(TARGET_NAME)";
				SWIFT_EMIT_LOC_STRINGS = YES;
				SWIFT_VERSION = 5.0;
				TARGETED_DEVICE_FAMILY = "1,2";
			};
			name = Release;
		};
/* End XCBuildConfiguration section */

/* Begin XCConfigurationList section */
		93509440295A6E3A0055725F /* Build configuration list for PBXProject "TableViewGuide_RESTAPI" */ = {
			isa = XCConfigurationList;
			buildConfigurations = (
				93509457295A6E3B0055725F /* Debug */,
				93509458295A6E3B0055725F /* Release */,
			);
			defaultConfigurationIsVisible = 0;
			defaultConfigurationName = Release;
		};
		93509459295A6E3B0055725F /* Build configuration list for PBXNativeTarget "TableViewGuide_RESTAPI" */ = {
			isa = XCConfigurationList;
			buildConfigurations = (
				9350945A295A6E3B0055725F /* Debug */,
				9350945B295A6E3B0055725F /* Release */,
			);
			defaultConfigurationIsVisible = 0;
			defaultConfigurationName = Release;
		};
/* End XCConfigurationList section */

/* Begin XCVersionGroup section */
		82DCBCD629DAEA3D004A70D3 /* Data Model.xcdatamodeld */ = {
			isa = XCVersionGroup;
			children = (
				82DCBCD729DAEA3D004A70D3 /* Data Model.xcdatamodel */,
			);
			currentVersion = 82DCBCD729DAEA3D004A70D3 /* Data Model.xcdatamodel */;
			path = "Data Model.xcdatamodeld";
			sourceTree = "<group>";
			versionGroupType = wrapper.xcdatamodel;
		};
/* End XCVersionGroup section */
	};
	rootObject = 9350943D295A6E3A0055725F /* Project object */;
}
